// !$*UTF8*$!
{
	archiveVersion = 1;
	classes = {
	};
	objectVersion = 77;
	objects = {

/* Begin PBXBuildFile section */
		D412B32E2F45BF99008C8A73 /* libsqlite3.tbd in Frameworks */ = {isa = PBXBuildFile; fileRef = D412B32D2F45BF99008C8A73 /* libsqlite3.tbd */; };
		D48B484A2F13965D002112B4 /* watchApp Watch App.app in Embed Watch Content */ = {isa = PBXBuildFile; fileRef = D48B48402F13965C002112B4 /* watchApp Watch App.app */; platformFilter = ios; settings = {ATTRIBUTES = (RemoveHeadersOnCopy, ); }; };
		D4A673CA2E98F2FE00BFCA5E /* libsqlite3.tbd in Frameworks */ = {isa = PBXBuildFile; fileRef = D4A673C92E98F2E300BFCA5E /* libsqlite3.tbd */; };
/* End PBXBuildFile section */

/* Begin PBXContainerItemProxy section */
		D48B48482F13965D002112B4 /* PBXContainerItemProxy */ = {
			isa = PBXContainerItemProxy;
			containerPortal = AD4D0B4F236066C1B874543D /* Project object */;
			proxyType = 1;
			remoteGlobalIDString = D48B483F2F13965C002112B4;
			remoteInfo = "watchApp Watch App";
		};
/* End PBXContainerItemProxy section */

/* Begin PBXCopyFilesBuildPhase section */
		D48B484B2F13965D002112B4 /* Embed Watch Content */ = {
			isa = PBXCopyFilesBuildPhase;
			buildActionMask = 2147483647;
			dstPath = "$(CONTENTS_FOLDER_PATH)/Watch";
			dstSubfolderSpec = 16;
			files = (
				D48B484A2F13965D002112B4 /* watchApp Watch App.app in Embed Watch Content */,
			);
			name = "Embed Watch Content";
			runOnlyForDeploymentPostprocessing = 0;
		};
/* End PBXCopyFilesBuildPhase section */

/* Begin PBXFileReference section */
		4F04A6F93E27EF56276DC1D7 /* TetrisLite.app */ = {isa = PBXFileReference; explicitFileType = wrapper.application; includeInIndex = 0; path = TetrisLite.app; sourceTree = BUILT_PRODUCTS_DIR; };
		D412B32D2F45BF99008C8A73 /* libsqlite3.tbd */ = {isa = PBXFileReference; lastKnownFileType = "sourcecode.text-based-dylib-definition"; name = libsqlite3.tbd; path = Platforms/WatchOS.platform/Developer/SDKs/WatchOS26.2.sdk/usr/lib/libsqlite3.tbd; sourceTree = DEVELOPER_DIR; };
		D48B48402F13965C002112B4 /* watchApp Watch App.app */ = {isa = PBXFileReference; explicitFileType = wrapper.application; includeInIndex = 0; path = "watchApp Watch App.app"; sourceTree = BUILT_PRODUCTS_DIR; };
		D4A673C92E98F2E300BFCA5E /* libsqlite3.tbd */ = {isa = PBXFileReference; lastKnownFileType = "sourcecode.text-based-dylib-definition"; name = libsqlite3.tbd; path = usr/lib/libsqlite3.tbd; sourceTree = SDKROOT; };
/* End PBXFileReference section */

/* Begin PBXFileSystemSynchronizedBuildFileExceptionSet section */
		E28714D7F0CE4ED7294D0E15 /* Exceptions for "iosApp" folder in "iosApp" target */ = {
			isa = PBXFileSystemSynchronizedBuildFileExceptionSet;
			membershipExceptions = (
				DecomposeHelpers/MutableValue.swift,
				DecomposeHelpers/SimpleChildStack.swift,
				Info.plist,
			);
			target = 354742016CE9FB21B381A60A /* iosApp */;
		};
/* End PBXFileSystemSynchronizedBuildFileExceptionSet section */

/* Begin PBXFileSystemSynchronizedGroupBuildPhaseMembershipExceptionSet section */
		D4D7D6612E96A07E0072FABE /* Exceptions for "iosApp" folder in "Copy Bundle Resources" phase from "iosApp" target */ = {
			isa = PBXFileSystemSynchronizedGroupBuildPhaseMembershipExceptionSet;
			buildPhase = 60EB5AA7A81ED5581BD46896 /* Resources */;
			membershipExceptions = (
			);
		};
/* End PBXFileSystemSynchronizedGroupBuildPhaseMembershipExceptionSet section */

/* Begin PBXFileSystemSynchronizedRootGroup section */
		7291D45327638A8E2B819CE0 /* iosApp */ = {
			isa = PBXFileSystemSynchronizedRootGroup;
			exceptions = (
				E28714D7F0CE4ED7294D0E15 /* Exceptions for "iosApp" folder in "iosApp" target */,
				D4D7D6612E96A07E0072FABE /* Exceptions for "iosApp" folder in "Copy Bundle Resources" phase from "iosApp" target */,
			);
			path = iosApp;
			sourceTree = "<group>";
		};
		D48B48412F13965C002112B4 /* watchApp Watch App */ = {
			isa = PBXFileSystemSynchronizedRootGroup;
			path = "watchApp Watch App";
			sourceTree = "<group>";
		};
		FA7F4B5EC044113742F5AD78 /* Configuration */ = {
			isa = PBXFileSystemSynchronizedRootGroup;
			path = Configuration;
			sourceTree = "<group>";
		};
/* End PBXFileSystemSynchronizedRootGroup section */

/* Begin PBXFrameworksBuildPhase section */
		1ACCAF34950AEA6D528EE54A /* Frameworks */ = {
			isa = PBXFrameworksBuildPhase;
			buildActionMask = 2147483647;
			files = (
				D4A673CA2E98F2FE00BFCA5E /* libsqlite3.tbd in Frameworks */,
			);
			runOnlyForDeploymentPostprocessing = 0;
		};
		D48B483D2F13965C002112B4 /* Frameworks */ = {
			isa = PBXFrameworksBuildPhase;
			buildActionMask = 2147483647;
			files = (
				D412B32E2F45BF99008C8A73 /* libsqlite3.tbd in Frameworks */,
			);
			runOnlyForDeploymentPostprocessing = 0;
		};
/* End PBXFrameworksBuildPhase section */

/* Begin PBXGroup section */
		0CB9379909047BF150640F6D /* Products */ = {
			isa = PBXGroup;
			children = (
				4F04A6F93E27EF56276DC1D7 /* TetrisLite.app */,
				D48B48402F13965C002112B4 /* watchApp Watch App.app */,
			);
			name = Products;
			sourceTree = "<group>";
		};
		549084F0ED438CD75C2AFFE5 = {
			isa = PBXGroup;
			children = (
				FA7F4B5EC044113742F5AD78 /* Configuration */,
				D48B48412F13965C002112B4 /* watchApp Watch App */,
				0CB9379909047BF150640F6D /* Products */,
				7291D45327638A8E2B819CE0 /* iosApp */,
				D4A673C82E98F2E300BFCA5E /* Frameworks */,
			);
			sourceTree = "<group>";
		};
		D4A673C82E98F2E300BFCA5E /* Frameworks */ = {
			isa = PBXGroup;
			children = (
				D412B32D2F45BF99008C8A73 /* libsqlite3.tbd */,
				D4A673C92E98F2E300BFCA5E /* libsqlite3.tbd */,
			);
			name = Frameworks;
			sourceTree = "<group>";
		};
/* End PBXGroup section */

/* Begin PBXNativeTarget section */
		354742016CE9FB21B381A60A /* iosApp */ = {
			isa = PBXNativeTarget;
			buildConfigurationList = 0FEA87F9CF9D4FD3087BE11A /* Build configuration list for PBXNativeTarget "iosApp" */;
			buildPhases = (
				A9F461EEEC79D16DB8CEF430 /* Compile Kotlin Framework */,
				168A1DB28BD6C9140CE4CFD0 /* Sources */,
				1ACCAF34950AEA6D528EE54A /* Frameworks */,
				60EB5AA7A81ED5581BD46896 /* Resources */,
				D48B484B2F13965D002112B4 /* Embed Watch Content */,
			);
			buildRules = (
			);
			dependencies = (
				D48B48492F13965D002112B4 /* PBXTargetDependency */,
			);
			fileSystemSynchronizedGroups = (
				7291D45327638A8E2B819CE0 /* iosApp */,
			);
			name = iosApp;
			packageProductDependencies = (
			);
			productName = iosApp;
			productReference = 4F04A6F93E27EF56276DC1D7 /* TetrisLite.app */;
			productType = "com.apple.product-type.application";
		};
		D48B483F2F13965C002112B4 /* watchApp Watch App */ = {
			isa = PBXNativeTarget;
			buildConfigurationList = D48B484E2F13965D002112B4 /* Build configuration list for PBXNativeTarget "watchApp Watch App" */;
			buildPhases = (
				D48B485D2F139CB6002112B4 /* Compile Kotlin Framework */,
				D48B483C2F13965C002112B4 /* Sources */,
				D48B483D2F13965C002112B4 /* Frameworks */,
				D48B483E2F13965C002112B4 /* Resources */,
			);
			buildRules = (
			);
			dependencies = (
			);
			fileSystemSynchronizedGroups = (
				D48B48412F13965C002112B4 /* watchApp Watch App */,
			);
			name = "watchApp Watch App";
			packageProductDependencies = (
			);
			productName = "watchApp Watch App";
			productReference = D48B48402F13965C002112B4 /* watchApp Watch App.app */;
			productType = "com.apple.product-type.application";
		};
/* End PBXNativeTarget section */

/* Begin PBXProject section */
		AD4D0B4F236066C1B874543D /* Project object */ = {
			isa = PBXProject;
			attributes = {
				BuildIndependentTargetsInParallel = 1;
				LastSwiftUpdateCheck = 2600;
				LastUpgradeCheck = 1620;
				TargetAttributes = {
					354742016CE9FB21B381A60A = {
						CreatedOnToolsVersion = 16.2;
					};
					D48B483F2F13965C002112B4 = {
						CreatedOnToolsVersion = 26.0.1;
					};
				};
			};
			buildConfigurationList = 4D314822F8E752F254BD7A19 /* Build configuration list for PBXProject "iosApp" */;
			developmentRegion = en;
			hasScannedForEncodings = 0;
			knownRegions = (
				en,
				Base,
			);
			mainGroup = 549084F0ED438CD75C2AFFE5;
			minimizedProjectReferenceProxies = 1;
			preferredProjectObjectVersion = 77;
			productRefGroup = 0CB9379909047BF150640F6D /* Products */;
			projectDirPath = "";
			projectRoot = "";
			targets = (
				354742016CE9FB21B381A60A /* iosApp */,
				D48B483F2F13965C002112B4 /* watchApp Watch App */,
			);
		};
/* End PBXProject section */

/* Begin PBXResourcesBuildPhase section */
		60EB5AA7A81ED5581BD46896 /* Resources */ = {
			isa = PBXResourcesBuildPhase;
			buildActionMask = 2147483647;
			files = (
			);
			runOnlyForDeploymentPostprocessing = 0;
		};
		D48B483E2F13965C002112B4 /* Resources */ = {
			isa = PBXResourcesBuildPhase;
			buildActionMask = 2147483647;
			files = (
			);
			runOnlyForDeploymentPostprocessing = 0;
		};
/* End PBXResourcesBuildPhase section */

/* Begin PBXShellScriptBuildPhase section */
		A9F461EEEC79D16DB8CEF430 /* Compile Kotlin Framework */ = {
			isa = PBXShellScriptBuildPhase;
			alwaysOutOfDate = 0;
			buildActionMask = 2147483647;
			files = (
			);
			inputFileListPaths = (
			);
			inputPaths = (
				"$(SRCROOT)/../shared/build.gradle.kts",
				"$(SRCROOT)/../gradle.properties",
			);
			name = "Compile Kotlin Framework";
			outputFileListPaths = (
			);
			outputPaths = (
				"$(BUILT_PRODUCTS_DIR)/Shared.framework/Shared",
				"$(BUILT_PRODUCTS_DIR)/Shared.framework/Info.plist",
				"$(DERIVED_FILE_DIR)/kotlin_shared_$(CONFIGURATION)_$(SDK_NAME)_$(ARCHS).stamp",
			);
			runOnlyForDeploymentPostprocessing = 0;
			shellPath = /bin/sh;
			shellScript = "if [ \"YES\" = \"$OVERRIDE_KOTLIN_BUILD_IDE_SUPPORTED\" ]; then\n  echo \"Skipping Gradle build task invocation due to OVERRIDE_KOTLIN_BUILD_IDE_SUPPORTED environment variable set to \\\"YES\\\"\"\n  exit 0\nfi\nset -eu\ncd \"$SRCROOT/..\"\n\ncase \"${CONFIGURATION:-Debug}\" in\n  *Release*)\n    BUILD_TYPE=\"Release\"\n    FRAMEWORK_DIR=\"releaseFramework\"\n    ;;\n  *)\n    BUILD_TYPE=\"Debug\"\n    FRAMEWORK_DIR=\"debugFramework\"\n    ;;\nesac\n\nMULTI_ARCH_WATCHSIM=0\nWATCHSIM_ARM64_BIN=\"\"\nWATCHSIM_X64_BIN=\"\"\n\ncase \"${SDK_NAME:-}\" in\n  iphoneos*)\n    TARGET_TASKS=\":shared:link${BUILD_TYPE}FrameworkIosArm64\"\n    TARGET_DIR=\"iosArm64\"\n    ;;\n  iphonesimulator*)\n    TARGET_TASKS=\":shared:link${BUILD_TYPE}FrameworkIosSimulatorArm64\"\n    TARGET_DIR=\"iosSimulatorArm64\"\n    ;;\n  watchos*)\n    TARGET_TASKS=\":shared:link${BUILD_TYPE}FrameworkWatchosArm64\"\n    TARGET_DIR=\"watchosArm64\"\n    ;;\n  watchsimulator*)\n    case \" ${ARCHS:-} \" in\n      *\" x86_64 \"*)\n        case \" ${ARCHS:-} \" in\n          *\" arm64 \"*)\n            MULTI_ARCH_WATCHSIM=1\n            TARGET_TASKS=\":shared:link${BUILD_TYPE}FrameworkWatchosSimulatorArm64 :shared:link${BUILD_TYPE}FrameworkWatchosX64\"\n            TARGET_DIR=\"watchosSimulatorArm64\"\n            WATCHSIM_ARM64_BIN=\"$SRCROOT/../shared/build/bin/watchosSimulatorArm64/${FRAMEWORK_DIR}/Shared.framework/Shared\"\n            WATCHSIM_X64_BIN=\"$SRCROOT/../shared/build/bin/watchosX64/${FRAMEWORK_DIR}/Shared.framework/Shared\"\n            ;;\n          *)\n            TARGET_TASKS=\":shared:link${BUILD_TYPE}FrameworkWatchosX64\"\n            TARGET_DIR=\"watchosX64\"\n            ;;\n        esac\n        ;;\n      *)\n        TARGET_TASKS=\":shared:link${BUILD_TYPE}FrameworkWatchosSimulatorArm64\"\n        TARGET_DIR=\"watchosSimulatorArm64\"\n        ;;\n    esac\n    ;;\n  macosx*)\n    case \" ${ARCHS:-} \" in\n      *\" x86_64 \"*)\n        TARGET_TASKS=\":shared:link${BUILD_TYPE}FrameworkMacosX64\"\n        TARGET_DIR=\"macosX64\"\n        ;;\n      *)\n        TARGET_TASKS=\":shared:link${BUILD_TYPE}FrameworkMacosArm64\"\n        TARGET_DIR=\"macosArm64\"\n        ;;\n    esac\n    ;;\n  *)\n    echo \"Unsupported SDK_NAME '${SDK_NAME:-}' for Shared framework build\"\n    exit 1\n    ;;\nesac\n\n./gradlew $TARGET_TASKS\n\nSHARED_FRAMEWORK_PATH=\"$SRCROOT/../shared/build/bin/$TARGET_DIR/${FRAMEWORK_DIR}/Shared.framework\"\nif [ ! -d \"$SHARED_FRAMEWORK_PATH\" ]; then\n  echo \"Shared framework not found at $SHARED_FRAMEWORK_PATH\"\n  exit 1\nfi\n\nrsync -a --delete \"$SHARED_FRAMEWORK_PATH\" \"$BUILT_PRODUCTS_DIR/\"\n\nif [ \"$MULTI_ARCH_WATCHSIM\" -eq 1 ]; then\n  lipo -create \"$WATCHSIM_ARM64_BIN\" \"$WATCHSIM_X64_BIN\" -output \"$BUILT_PRODUCTS_DIR/Shared.framework/Shared\"\nfi\n\nSTAMP_FILE=\"$DERIVED_FILE_DIR/kotlin_shared_${CONFIGURATION:-Debug}_${SDK_NAME:-unknown}_${ARCHS:-unknown}.stamp\"\nmkdir -p \"$DERIVED_FILE_DIR\"\ntouch \"$STAMP_FILE\"\n";
		};
		D48B485D2F139CB6002112B4 /* Compile Kotlin Framework */ = {
			isa = PBXShellScriptBuildPhase;
			buildActionMask = 2147483647;
			files = (
			);
			inputFileListPaths = (
			);
			inputPaths = (
				"$(SRCROOT)/../shared/build.gradle.kts",
				"$(SRCROOT)/../gradle.properties",
			);
			name = "Compile Kotlin Framework";
			outputFileListPaths = (
			);
			outputPaths = (
				"$(BUILT_PRODUCTS_DIR)/Shared.framework/Shared",
				"$(BUILT_PRODUCTS_DIR)/Shared.framework/Info.plist",
				"$(DERIVED_FILE_DIR)/kotlin_shared_$(CONFIGURATION)_$(SDK_NAME)_$(ARCHS).stamp",
			);
			runOnlyForDeploymentPostprocessing = 0;
			shellPath = /bin/sh;
			shellScript = "if [ \"YES\" = \"$OVERRIDE_KOTLIN_BUILD_IDE_SUPPORTED\" ]; then\n  echo \"Skipping Gradle build task invocation due to OVERRIDE_KOTLIN_BUILD_IDE_SUPPORTED environment variable set to \\\"YES\\\"\"\n  exit 0\nfi\nset -eu\ncd \"$SRCROOT/..\"\n\ncase \"${CONFIGURATION:-Debug}\" in\n  *Release*)\n    BUILD_TYPE=\"Release\"\n    FRAMEWORK_DIR=\"releaseFramework\"\n    ;;\n  *)\n    BUILD_TYPE=\"Debug\"\n    FRAMEWORK_DIR=\"debugFramework\"\n    ;;\nesac\n\nMULTI_ARCH_WATCHSIM=0\nWATCHSIM_ARM64_BIN=\"\"\nWATCHSIM_X64_BIN=\"\"\n\ncase \"${SDK_NAME:-}\" in\n  iphoneos*)\n    TARGET_TASKS=\":shared:link${BUILD_TYPE}FrameworkIosArm64\"\n    TARGET_DIR=\"iosArm64\"\n    ;;\n  iphonesimulator*)\n    TARGET_TASKS=\":shared:link${BUILD_TYPE}FrameworkIosSimulatorArm64\"\n    TARGET_DIR=\"iosSimulatorArm64\"\n    ;;\n  watchos*)\n    TARGET_TASKS=\":shared:link${BUILD_TYPE}FrameworkWatchosArm64\"\n    TARGET_DIR=\"watchosArm64\"\n    ;;\n  watchsimulator*)\n    case \" ${ARCHS:-} \" in\n      *\" x86_64 \"*)\n        case \" ${ARCHS:-} \" in\n          *\" arm64 \"*)\n            MULTI_ARCH_WATCHSIM=1\n            TARGET_TASKS=\":shared:link${BUILD_TYPE}FrameworkWatchosSimulatorArm64 :shared:link${BUILD_TYPE}FrameworkWatchosX64\"\n            TARGET_DIR=\"watchosSimulatorArm64\"\n            WATCHSIM_ARM64_BIN=\"$SRCROOT/../shared/build/bin/watchosSimulatorArm64/${FRAMEWORK_DIR}/Shared.framework/Shared\"\n            WATCHSIM_X64_BIN=\"$SRCROOT/../shared/build/bin/watchosX64/${FRAMEWORK_DIR}/Shared.framework/Shared\"\n            ;;\n          *)\n            TARGET_TASKS=\":shared:link${BUILD_TYPE}FrameworkWatchosX64\"\n            TARGET_DIR=\"watchosX64\"\n            ;;\n        esac\n        ;;\n      *)\n        TARGET_TASKS=\":shared:link${BUILD_TYPE}FrameworkWatchosSimulatorArm64\"\n        TARGET_DIR=\"watchosSimulatorArm64\"\n        ;;\n    esac\n    ;;\n  macosx*)\n    case \" ${ARCHS:-} \" in\n      *\" x86_64 \"*)\n        TARGET_TASKS=\":shared:link${BUILD_TYPE}FrameworkMacosX64\"\n        TARGET_DIR=\"macosX64\"\n        ;;\n      *)\n        TARGET_TASKS=\":shared:link${BUILD_TYPE}FrameworkMacosArm64\"\n        TARGET_DIR=\"macosArm64\"\n        ;;\n    esac\n    ;;\n  *)\n    echo \"Unsupported SDK_NAME '${SDK_NAME:-}' for Shared framework build\"\n    exit 1\n    ;;\nesac\n\n./gradlew $TARGET_TASKS\n\nSHARED_FRAMEWORK_PATH=\"$SRCROOT/../shared/build/bin/$TARGET_DIR/${FRAMEWORK_DIR}/Shared.framework\"\nif [ ! -d \"$SHARED_FRAMEWORK_PATH\" ]; then\n  echo \"Shared framework not found at $SHARED_FRAMEWORK_PATH\"\n  exit 1\nfi\n\nrsync -a --delete \"$SHARED_FRAMEWORK_PATH\" \"$BUILT_PRODUCTS_DIR/\"\n\nif [ \"$MULTI_ARCH_WATCHSIM\" -eq 1 ]; then\n  lipo -create \"$WATCHSIM_ARM64_BIN\" \"$WATCHSIM_X64_BIN\" -output \"$BUILT_PRODUCTS_DIR/Shared.framework/Shared\"\nfi\n\nSTAMP_FILE=\"$DERIVED_FILE_DIR/kotlin_shared_${CONFIGURATION:-Debug}_${SDK_NAME:-unknown}_${ARCHS:-unknown}.stamp\"\nmkdir -p \"$DERIVED_FILE_DIR\"\ntouch \"$STAMP_FILE\"\n\n";
		};
/* End PBXShellScriptBuildPhase section */

/* Begin PBXSourcesBuildPhase section */
		168A1DB28BD6C9140CE4CFD0 /* Sources */ = {
			isa = PBXSourcesBuildPhase;
			buildActionMask = 2147483647;
			files = (
			);
			runOnlyForDeploymentPostprocessing = 0;
		};
		D48B483C2F13965C002112B4 /* Sources */ = {
			isa = PBXSourcesBuildPhase;
			buildActionMask = 2147483647;
			files = (
			);
			runOnlyForDeploymentPostprocessing = 0;
		};
/* End PBXSourcesBuildPhase section */

/* Begin PBXTargetDependency section */
		D48B48492F13965D002112B4 /* PBXTargetDependency */ = {
			isa = PBXTargetDependency;
			platformFilter = ios;
			target = D48B483F2F13965C002112B4 /* watchApp Watch App */;
			targetProxy = D48B48482F13965D002112B4 /* PBXContainerItemProxy */;
		};
/* End PBXTargetDependency section */

/* Begin XCBuildConfiguration section */
		4B8AE8C09EB437C182582E48 /* Release */ = {
			isa = XCBuildConfiguration;
			buildSettings = {
				ARCHS = arm64;
				ASSETCATALOG_COMPILER_APPICON_NAME = AppIcon;
				ASSETCATALOG_COMPILER_GLOBAL_ACCENT_COLOR_NAME = AccentColor;
				ASSETCATALOG_COMPILER_INCLUDE_ALL_APPICON_ASSETS = YES;
				CODE_SIGN_IDENTITY = "Apple Development";
				CODE_SIGN_STYLE = Automatic;
				DEVELOPMENT_ASSET_PATHS = "\"iosApp/Preview Content\"";
				DEVELOPMENT_TEAM = 3KKQ642Q9H;
				ENABLE_PREVIEWS = YES;
				GENERATE_INFOPLIST_FILE = YES;
				INFOPLIST_FILE = iosApp/Info.plist;
				INFOPLIST_KEY_LSApplicationCategoryType = "public.app-category.games";
				INFOPLIST_KEY_UIApplicationSceneManifest_Generation = YES;
				INFOPLIST_KEY_UIApplicationSupportsIndirectInputEvents = YES;
				INFOPLIST_KEY_UILaunchScreen_Generation = YES;
				INFOPLIST_KEY_UISupportedInterfaceOrientations_iPad = "UIInterfaceOrientationPortrait UIInterfaceOrientationPortraitUpsideDown UIInterfaceOrientationLandscapeLeft UIInterfaceOrientationLandscapeRight";
				INFOPLIST_KEY_UISupportedInterfaceOrientations_iPhone = "UIInterfaceOrientationPortrait UIInterfaceOrientationLandscapeLeft UIInterfaceOrientationLandscapeRight";
					LD_RUNPATH_SEARCH_PATHS = (
						"$(inherited)",
						"@executable_path/Frameworks",
					);
					OTHER_LDFLAGS = (
						"$(inherited)",
						"-framework",
						Shared,
					);
					SUPPORTED_PLATFORMS = "iphoneos iphonesimulator macosx";
					SUPPORTS_MACCATALYST = NO;
				SUPPORTS_MAC_DESIGNED_FOR_IPHONE_IPAD = NO;
				SWIFT_EMIT_LOC_STRINGS = YES;
				SWIFT_VERSION = 5.0;
				TARGETED_DEVICE_FAMILY = "1,2";
			};
			name = Release;
		};
		61EB21E6D1FC089C75EC4A11 /* Debug */ = {
			isa = XCBuildConfiguration;
			baseConfigurationReferenceAnchor = FA7F4B5EC044113742F5AD78 /* Configuration */;
			baseConfigurationReferenceRelativePath = Config.xcconfig;
			buildSettings = {
				ALWAYS_SEARCH_USER_PATHS = NO;
				ASSETCATALOG_COMPILER_GENERATE_SWIFT_ASSET_SYMBOL_EXTENSIONS = YES;
				CLANG_ANALYZER_NONNULL = YES;
				CLANG_ANALYZER_NUMBER_OBJECT_CONVERSION = YES_AGGRESSIVE;
				CLANG_CXX_LANGUAGE_STANDARD = "gnu++20";
				CLANG_ENABLE_MODULES = YES;
				CLANG_ENABLE_OBJC_ARC = YES;
				CLANG_ENABLE_OBJC_WEAK = YES;
				CLANG_WARN_BLOCK_CAPTURE_AUTORELEASING = YES;
				CLANG_WARN_BOOL_CONVERSION = YES;
				CLANG_WARN_COMMA = YES;
				CLANG_WARN_CONSTANT_CONVERSION = YES;
				CLANG_WARN_DEPRECATED_OBJC_IMPLEMENTATIONS = YES;
				CLANG_WARN_DIRECT_OBJC_ISA_USAGE = YES_ERROR;
				CLANG_WARN_DOCUMENTATION_COMMENTS = YES;
				CLANG_WARN_EMPTY_BODY = YES;
				CLANG_WARN_ENUM_CONVERSION = YES;
				CLANG_WARN_INFINITE_RECURSION = YES;
				CLANG_WARN_INT_CONVERSION = YES;
				CLANG_WARN_NON_LITERAL_NULL_CONVERSION = YES;
				CLANG_WARN_OBJC_IMPLICIT_RETAIN_SELF = YES;
				CLANG_WARN_OBJC_LITERAL_CONVERSION = YES;
				CLANG_WARN_OBJC_ROOT_CLASS = YES_ERROR;
				CLANG_WARN_QUOTED_INCLUDE_IN_FRAMEWORK_HEADER = YES;
				CLANG_WARN_RANGE_LOOP_ANALYSIS = YES;
				CLANG_WARN_STRICT_PROTOTYPES = YES;
				CLANG_WARN_SUSPICIOUS_MOVE = YES;
				CLANG_WARN_UNGUARDED_AVAILABILITY = YES_AGGRESSIVE;
				CLANG_WARN_UNREACHABLE_CODE = YES;
				CLANG_WARN__DUPLICATE_METHOD_MATCH = YES;
				COPY_PHASE_STRIP = NO;
				DEBUG_INFORMATION_FORMAT = dwarf;
				ENABLE_STRICT_OBJC_MSGSEND = YES;
				ENABLE_TESTABILITY = YES;
				ENABLE_USER_SCRIPT_SANDBOXING = NO;
				GCC_C_LANGUAGE_STANDARD = gnu17;
				GCC_DYNAMIC_NO_PIC = NO;
				GCC_NO_COMMON_BLOCKS = YES;
				GCC_OPTIMIZATION_LEVEL = 0;
				GCC_PREPROCESSOR_DEFINITIONS = (
					"DEBUG=1",
					"$(inherited)",
				);
				GCC_WARN_64_TO_32_BIT_CONVERSION = YES;
				GCC_WARN_ABOUT_RETURN_TYPE = YES_ERROR;
				GCC_WARN_UNDECLARED_SELECTOR = YES;
				GCC_WARN_UNINITIALIZED_AUTOS = YES_AGGRESSIVE;
				GCC_WARN_UNUSED_FUNCTION = YES;
				GCC_WARN_UNUSED_VARIABLE = YES;
				IPHONEOS_DEPLOYMENT_TARGET = 18.2;
				LOCALIZATION_PREFERS_STRING_CATALOGS = YES;
				MTL_ENABLE_DEBUG_INFO = INCLUDE_SOURCE;
				MTL_FAST_MATH = YES;
				ONLY_ACTIVE_ARCH = YES;
				SDKROOT = iphoneos;
				SWIFT_ACTIVE_COMPILATION_CONDITIONS = "DEBUG $(inherited)";
				SWIFT_OPTIMIZATION_LEVEL = "-Onone";
			};
			name = Debug;
		};
		9C5B96453B29A8EC1947734A /* Debug */ = {
			isa = XCBuildConfiguration;
			buildSettings = {
				ARCHS = arm64;
				ASSETCATALOG_COMPILER_APPICON_NAME = AppIcon;
				ASSETCATALOG_COMPILER_GLOBAL_ACCENT_COLOR_NAME = AccentColor;
				ASSETCATALOG_COMPILER_INCLUDE_ALL_APPICON_ASSETS = YES;
				CODE_SIGN_IDENTITY = "Apple Development";
				CODE_SIGN_STYLE = Automatic;
				DEVELOPMENT_ASSET_PATHS = "\"iosApp/Preview Content\"";
				DEVELOPMENT_TEAM = 3KKQ642Q9H;
				ENABLE_APP_SANDBOX = YES;
				ENABLE_HARDENED_RUNTIME = YES;
				ENABLE_OUTGOING_NETWORK_CONNECTIONS = YES;
				ENABLE_PREVIEWS = YES;
				GENERATE_INFOPLIST_FILE = YES;
				INFOPLIST_FILE = iosApp/Info.plist;
				INFOPLIST_KEY_LSApplicationCategoryType = "public.app-category.games";
				INFOPLIST_KEY_UIApplicationSceneManifest_Generation = YES;
				INFOPLIST_KEY_UIApplicationSupportsIndirectInputEvents = YES;
				INFOPLIST_KEY_UILaunchScreen_Generation = YES;
				INFOPLIST_KEY_UISupportedInterfaceOrientations_iPad = "UIInterfaceOrientationPortrait UIInterfaceOrientationPortraitUpsideDown UIInterfaceOrientationLandscapeLeft UIInterfaceOrientationLandscapeRight";
				INFOPLIST_KEY_UISupportedInterfaceOrientations_iPhone = "UIInterfaceOrientationPortrait UIInterfaceOrientationLandscapeLeft UIInterfaceOrientationLandscapeRight";
					LD_RUNPATH_SEARCH_PATHS = (
						"$(inherited)",
						"@executable_path/Frameworks",
					);
					OTHER_LDFLAGS = (
						"$(inherited)",
						"-framework",
						Shared,
					);
					REGISTER_APP_GROUPS = YES;
					SUPPORTED_PLATFORMS = "iphoneos iphonesimulator macosx";
				SUPPORTS_MACCATALYST = NO;
				SUPPORTS_MAC_DESIGNED_FOR_IPHONE_IPAD = NO;
				SWIFT_EMIT_LOC_STRINGS = YES;
				SWIFT_VERSION = 5.0;
				TARGETED_DEVICE_FAMILY = "1,2";
			};
			name = Debug;
		};
		C5D638B9A97175D039CA9066 /* Release */ = {
			isa = XCBuildConfiguration;
			baseConfigurationReferenceAnchor = FA7F4B5EC044113742F5AD78 /* Configuration */;
			baseConfigurationReferenceRelativePath = Config.xcconfig;
			buildSettings = {
				ALWAYS_SEARCH_USER_PATHS = NO;
				ASSETCATALOG_COMPILER_GENERATE_SWIFT_ASSET_SYMBOL_EXTENSIONS = YES;
				CLANG_ANALYZER_NONNULL = YES;
				CLANG_ANALYZER_NUMBER_OBJECT_CONVERSION = YES_AGGRESSIVE;
				CLANG_CXX_LANGUAGE_STANDARD = "gnu++20";
				CLANG_ENABLE_MODULES = YES;
				CLANG_ENABLE_OBJC_ARC = YES;
				CLANG_ENABLE_OBJC_WEAK = YES;
				CLANG_WARN_BLOCK_CAPTURE_AUTORELEASING = YES;
				CLANG_WARN_BOOL_CONVERSION = YES;
				CLANG_WARN_COMMA = YES;
				CLANG_WARN_CONSTANT_CONVERSION = YES;
				CLANG_WARN_DEPRECATED_OBJC_IMPLEMENTATIONS = YES;
				CLANG_WARN_DIRECT_OBJC_ISA_USAGE = YES_ERROR;
				CLANG_WARN_DOCUMENTATION_COMMENTS = YES;
				CLANG_WARN_EMPTY_BODY = YES;
				CLANG_WARN_ENUM_CONVERSION = YES;
				CLANG_WARN_INFINITE_RECURSION = YES;
				CLANG_WARN_INT_CONVERSION = YES;
				CLANG_WARN_NON_LITERAL_NULL_CONVERSION = YES;
				CLANG_WARN_OBJC_IMPLICIT_RETAIN_SELF = YES;
				CLANG_WARN_OBJC_LITERAL_CONVERSION = YES;
				CLANG_WARN_OBJC_ROOT_CLASS = YES_ERROR;
				CLANG_WARN_QUOTED_INCLUDE_IN_FRAMEWORK_HEADER = YES;
				CLANG_WARN_RANGE_LOOP_ANALYSIS = YES;
				CLANG_WARN_STRICT_PROTOTYPES = YES;
				CLANG_WARN_SUSPICIOUS_MOVE = YES;
				CLANG_WARN_UNGUARDED_AVAILABILITY = YES_AGGRESSIVE;
				CLANG_WARN_UNREACHABLE_CODE = YES;
				CLANG_WARN__DUPLICATE_METHOD_MATCH = YES;
				COPY_PHASE_STRIP = NO;
				DEBUG_INFORMATION_FORMAT = "dwarf-with-dsym";
				ENABLE_NS_ASSERTIONS = NO;
				ENABLE_STRICT_OBJC_MSGSEND = YES;
				ENABLE_USER_SCRIPT_SANDBOXING = NO;
				GCC_C_LANGUAGE_STANDARD = gnu17;
				GCC_NO_COMMON_BLOCKS = YES;
				GCC_WARN_64_TO_32_BIT_CONVERSION = YES;
				GCC_WARN_ABOUT_RETURN_TYPE = YES_ERROR;
				GCC_WARN_UNDECLARED_SELECTOR = YES;
				GCC_WARN_UNINITIALIZED_AUTOS = YES_AGGRESSIVE;
				GCC_WARN_UNUSED_FUNCTION = YES;
				GCC_WARN_UNUSED_VARIABLE = YES;
				IPHONEOS_DEPLOYMENT_TARGET = 18.2;
				LOCALIZATION_PREFERS_STRING_CATALOGS = YES;
				MTL_ENABLE_DEBUG_INFO = NO;
				MTL_FAST_MATH = YES;
				SDKROOT = iphoneos;
				SWIFT_COMPILATION_MODE = wholemodule;
				VALIDATE_PRODUCT = YES;
			};
			name = Release;
		};
		D48B484C2F13965D002112B4 /* Debug */ = {
			isa = XCBuildConfiguration;
			buildSettings = {
				ASSETCATALOG_COMPILER_APPICON_NAME = AppIcon;
				ASSETCATALOG_COMPILER_GLOBAL_ACCENT_COLOR_NAME = AccentColor;
				"ARCHS[sdk=watchos*]" = arm64_32;
				CODE_SIGN_IDENTITY = "Apple Development";
				CODE_SIGN_STYLE = Automatic;
				CURRENT_PROJECT_VERSION = 1;
				DEVELOPMENT_TEAM = 3KKQ642Q9H;
				ENABLE_PREVIEWS = YES;
				ENABLE_USER_SCRIPT_SANDBOXING = NO;
				GENERATE_INFOPLIST_FILE = YES;
				INFOPLIST_KEY_CFBundleDisplayName = watchApp;
				INFOPLIST_KEY_UISupportedInterfaceOrientations = "UIInterfaceOrientationPortrait UIInterfaceOrientationPortraitUpsideDown";
				INFOPLIST_KEY_WKCompanionAppBundleIdentifier = com.yet.tetris.TetrisLite;
					LD_RUNPATH_SEARCH_PATHS = (
						"$(inherited)",
						"@executable_path/Frameworks",
					);
					OTHER_LDFLAGS = (
						"$(inherited)",
						"-framework",
						Shared,
					);
					MARKETING_VERSION = 1.0;
					PRODUCT_BUNDLE_IDENTIFIER = com.yet.tetris.TetrisLite.watchkitapp;
				PRODUCT_NAME = "$(TARGET_NAME)";
				SDKROOT = watchos;
				SKIP_INSTALL = YES;
				STRING_CATALOG_GENERATE_SYMBOLS = YES;
				SWIFT_APPROACHABLE_CONCURRENCY = YES;
				SWIFT_DEFAULT_ACTOR_ISOLATION = MainActor;
				SWIFT_EMIT_LOC_STRINGS = YES;
				SWIFT_UPCOMING_FEATURE_MEMBER_IMPORT_VISIBILITY = YES;
				SWIFT_VERSION = 5.0;
				TARGETED_DEVICE_FAMILY = 4;
				WATCHOS_DEPLOYMENT_TARGET = 26.0;
			};
			name = Debug;
		};
		D48B484D2F13965D002112B4 /* Release */ = {
			isa = XCBuildConfiguration;
			buildSettings = {
				ASSETCATALOG_COMPILER_APPICON_NAME = AppIcon;
				ASSETCATALOG_COMPILER_GLOBAL_ACCENT_COLOR_NAME = AccentColor;
				"ARCHS[sdk=watchos*]" = arm64_32;
				CODE_SIGN_IDENTITY = "Apple Development";
				CODE_SIGN_STYLE = Automatic;
				CURRENT_PROJECT_VERSION = 1;
				DEVELOPMENT_TEAM = 3KKQ642Q9H;
				ENABLE_PREVIEWS = YES;
				ENABLE_USER_SCRIPT_SANDBOXING = NO;
				GENERATE_INFOPLIST_FILE = YES;
				INFOPLIST_KEY_CFBundleDisplayName = watchApp;
				INFOPLIST_KEY_UISupportedInterfaceOrientations = "UIInterfaceOrientationPortrait UIInterfaceOrientationPortraitUpsideDown";
				INFOPLIST_KEY_WKCompanionAppBundleIdentifier = com.yet.tetris.TetrisLite;
					LD_RUNPATH_SEARCH_PATHS = (
						"$(inherited)",
						"@executable_path/Frameworks",
					);
					OTHER_LDFLAGS = (
						"$(inherited)",
						"-framework",
						Shared,
					);
					MARKETING_VERSION = 1.0;
					PRODUCT_BUNDLE_IDENTIFIER = com.yet.tetris.TetrisLite.watchkitapp;
				PRODUCT_NAME = "$(TARGET_NAME)";
				SDKROOT = watchos;
				SKIP_INSTALL = YES;
				STRING_CATALOG_GENERATE_SYMBOLS = YES;
				SWIFT_APPROACHABLE_CONCURRENCY = YES;
				SWIFT_DEFAULT_ACTOR_ISOLATION = MainActor;
				SWIFT_EMIT_LOC_STRINGS = YES;
				SWIFT_UPCOMING_FEATURE_MEMBER_IMPORT_VISIBILITY = YES;
				SWIFT_VERSION = 5.0;
				TARGETED_DEVICE_FAMILY = 4;
				WATCHOS_DEPLOYMENT_TARGET = 26.0;
			};
			name = Release;
		};
/* End XCBuildConfiguration section */

/* Begin XCConfigurationList section */
		0FEA87F9CF9D4FD3087BE11A /* Build configuration list for PBXNativeTarget "iosApp" */ = {
			isa = XCConfigurationList;
			buildConfigurations = (
				9C5B96453B29A8EC1947734A /* Debug */,
				4B8AE8C09EB437C182582E48 /* Release */,
			);
			defaultConfigurationIsVisible = 0;
			defaultConfigurationName = Release;
		};
		4D314822F8E752F254BD7A19 /* Build configuration list for PBXProject "iosApp" */ = {
			isa = XCConfigurationList;
			buildConfigurations = (
				61EB21E6D1FC089C75EC4A11 /* Debug */,
				C5D638B9A97175D039CA9066 /* Release */,
			);
			defaultConfigurationIsVisible = 0;
			defaultConfigurationName = Release;
		};
		D48B484E2F13965D002112B4 /* Build configuration list for PBXNativeTarget "watchApp Watch App" */ = {
			isa = XCConfigurationList;
			buildConfigurations = (
				D48B484C2F13965D002112B4 /* Debug */,
				D48B484D2F13965D002112B4 /* Release */,
			);
			defaultConfigurationIsVisible = 0;
			defaultConfigurationName = Release;
		};
/* End XCConfigurationList section */
	};
	rootObject = AD4D0B4F236066C1B874543D /* Project object */;
}
